// !$*UTF8*$!
{
	archiveVersion = 1;
	classes = {
	};
	objectVersion = 48;
	objects = {

/* Begin PBXBuildFile section */
		4C2533DB1F8F37A400C1A2CA /* AppDelegate.m in Sources */ = {isa = PBXBuildFile; fileRef = 4C2533DA1F8F37A400C1A2CA /* AppDelegate.m */; };
		4C2533DE1F8F37A400C1A2CA /* DocumentViewController.m in Sources */ = {isa = PBXBuildFile; fileRef = 4C2533DD1F8F37A400C1A2CA /* DocumentViewController.m */; };
		4C2533E11F8F37A400C1A2CA /* Main.storyboard in Resources */ = {isa = PBXBuildFile; fileRef = 4C2533DF1F8F37A400C1A2CA /* Main.storyboard */; };
		4C2533E31F8F37A400C1A2CA /* Assets.xcassets in Resources */ = {isa = PBXBuildFile; fileRef = 4C2533E21F8F37A400C1A2CA /* Assets.xcassets */; };
		4C2533E61F8F37A400C1A2CA /* LaunchScreen.storyboard in Resources */ = {isa = PBXBuildFile; fileRef = 4C2533E41F8F37A400C1A2CA /* LaunchScreen.storyboard */; };
		4C2533E91F8F37A400C1A2CA /* main.m in Sources */ = {isa = PBXBuildFile; fileRef = 4C2533E81F8F37A400C1A2CA /* main.m */; };
		4C2533F11F8F393400C1A2CA /* ContractsTableViewController.m in Sources */ = {isa = PBXBuildFile; fileRef = 4C2533F01F8F393400C1A2CA /* ContractsTableViewController.m */; };
		4C2533F31F8F42E300C1A2CA /* contractTemplate.pdf in Resources */ = {isa = PBXBuildFile; fileRef = 4C2533F21F8F3F4E00C1A2CA /* contractTemplate.pdf */; };
/* End PBXBuildFile section */

/* Begin PBXFileReference section */
		4C2533D61F8F37A400C1A2CA /* PDFViewer.app */ = {isa = PBXFileReference; explicitFileType = wrapper.application; includeInIndex = 0; path = PDFViewer.app; sourceTree = BUILT_PRODUCTS_DIR; };
		4C2533D91F8F37A400C1A2CA /* AppDelegate.h */ = {isa = PBXFileReference; lastKnownFileType = sourcecode.c.h; path = AppDelegate.h; sourceTree = "<group>"; };
		4C2533DA1F8F37A400C1A2CA /* AppDelegate.m */ = {isa = PBXFileReference; lastKnownFileType = sourcecode.c.objc; path = AppDelegate.m; sourceTree = "<group>"; };
		4C2533DC1F8F37A400C1A2CA /* DocumentViewController.h */ = {isa = PBXFileReference; lastKnownFileType = sourcecode.c.h; path = DocumentViewController.h; sourceTree = "<group>"; };
		4C2533DD1F8F37A400C1A2CA /* DocumentViewController.m */ = {isa = PBXFileReference; lastKnownFileType = sourcecode.c.objc; path = DocumentViewController.m; sourceTree = "<group>"; };
		4C2533E01F8F37A400C1A2CA /* Base */ = {isa = PBXFileReference; lastKnownFileType = file.storyboard; name = Base; path = Base.lproj/Main.storyboard; sourceTree = "<group>"; };
		4C2533E21F8F37A400C1A2CA /* Assets.xcassets */ = {isa = PBXFileReference; lastKnownFileType = folder.assetcatalog; path = Assets.xcassets; sourceTree = "<group>"; };
		4C2533E51F8F37A400C1A2CA /* Base */ = {isa = PBXFileReference; lastKnownFileType = file.storyboard; name = Base; path = Base.lproj/LaunchScreen.storyboard; sourceTree = "<group>"; };
		4C2533E71F8F37A400C1A2CA /* Info.plist */ = {isa = PBXFileReference; lastKnownFileType = text.plist.xml; path = Info.plist; sourceTree = "<group>"; };
		4C2533E81F8F37A400C1A2CA /* main.m */ = {isa = PBXFileReference; lastKnownFileType = sourcecode.c.objc; path = main.m; sourceTree = "<group>"; };
		4C2533EF1F8F393400C1A2CA /* ContractsTableViewController.h */ = {isa = PBXFileReference; lastKnownFileType = sourcecode.c.h; path = ContractsTableViewController.h; sourceTree = "<group>"; };
		4C2533F01F8F393400C1A2CA /* ContractsTableViewController.m */ = {isa = PBXFileReference; lastKnownFileType = sourcecode.c.objc; path = ContractsTableViewController.m; sourceTree = "<group>"; };
		4C2533F21F8F3F4E00C1A2CA /* contractTemplate.pdf */ = {isa = PBXFileReference; lastKnownFileType = image.pdf; path = contractTemplate.pdf; sourceTree = "<group>"; };
/* End PBXFileReference section */

/* Begin PBXFrameworksBuildPhase section */
		4C2533D31F8F37A400C1A2CA /* Frameworks */ = {
			isa = PBXFrameworksBuildPhase;
			buildActionMask = 2147483647;
			files = (
			);
			runOnlyForDeploymentPostprocessing = 0;
		};
/* End PBXFrameworksBuildPhase section */

/* Begin PBXGroup section */
		4C2533CD1F8F37A400C1A2CA = {
			isa = PBXGroup;
			children = (
				4C2533D81F8F37A400C1A2CA /* PDFViewer */,
				4C2533D71F8F37A400C1A2CA /* Products */,
			);
			sourceTree = "<group>";
		};
		4C2533D71F8F37A400C1A2CA /* Products */ = {
			isa = PBXGroup;
			children = (
				4C2533D61F8F37A400C1A2CA /* PDFViewer.app */,
			);
			name = Products;
			sourceTree = "<group>";
		};
		4C2533D81F8F37A400C1A2CA /* PDFViewer */ = {
			isa = PBXGroup;
			children = (
				4C2533F21F8F3F4E00C1A2CA /* contractTemplate.pdf */,
				4C2533D91F8F37A400C1A2CA /* AppDelegate.h */,
				4C2533DA1F8F37A400C1A2CA /* AppDelegate.m */,
				4C2533DC1F8F37A400C1A2CA /* DocumentViewController.h */,
				4C2533DD1F8F37A400C1A2CA /* DocumentViewController.m */,
				4C2533DF1F8F37A400C1A2CA /* Main.storyboard */,
				4C2533E21F8F37A400C1A2CA /* Assets.xcassets */,
				4C2533E41F8F37A400C1A2CA /* LaunchScreen.storyboard */,
				4C2533E71F8F37A400C1A2CA /* Info.plist */,
				4C2533E81F8F37A400C1A2CA /* main.m */,
				4C2533EF1F8F393400C1A2CA /* ContractsTableViewController.h */,
				4C2533F01F8F393400C1A2CA /* ContractsTableViewController.m */,
			);
			path = PDFViewer;
			sourceTree = "<group>";
		};
/* End PBXGroup section */

/* Begin PBXNativeTarget section */
		4C2533D51F8F37A400C1A2CA /* PDFViewer */ = {
			isa = PBXNativeTarget;
			buildConfigurationList = 4C2533EC1F8F37A400C1A2CA /* Build configuration list for PBXNativeTarget "PDFViewer" */;
			buildPhases = (
				4C2533D21F8F37A400C1A2CA /* Sources */,
				4C2533D31F8F37A400C1A2CA /* Frameworks */,
				4C2533D41F8F37A400C1A2CA /* Resources */,
			);
			buildRules = (
			);
			dependencies = (
			);
			name = PDFViewer;
			productName = PDFViewer;
			productReference = 4C2533D61F8F37A400C1A2CA /* PDFViewer.app */;
			productType = "com.apple.product-type.application";
		};
/* End PBXNativeTarget section */

/* Begin PBXProject section */
		4C2533CE1F8F37A400C1A2CA /* Project object */ = {
			isa = PBXProject;
			attributes = {
				LastUpgradeCheck = 0900;
				ORGANIZATIONNAME = Zencher;
				TargetAttributes = {
					4C2533D51F8F37A400C1A2CA = {
						CreatedOnToolsVersion = 9.0;
						ProvisioningStyle = Automatic;
					};
				};
			};
			buildConfigurationList = 4C2533D11F8F37A400C1A2CA /* Build configuration list for PBXProject "PDFViewer" */;
			compatibilityVersion = "Xcode 8.0";
			developmentRegion = en;
			hasScannedForEncodings = 0;
			knownRegions = (
				en,
				Base,
			);
			mainGroup = 4C2533CD1F8F37A400C1A2CA;
			productRefGroup = 4C2533D71F8F37A400C1A2CA /* Products */;
			projectDirPath = "";
			projectRoot = "";
			targets = (
				4C2533D51F8F37A400C1A2CA /* PDFViewer */,
			);
		};
/* End PBXProject section */

/* Begin PBXResourcesBuildPhase section */
		4C2533D41F8F37A400C1A2CA /* Resources */ = {
			isa = PBXResourcesBuildPhase;
			buildActionMask = 2147483647;
			files = (
				4C2533E61F8F37A400C1A2CA /* LaunchScreen.storyboard in Resources */,
				4C2533E31F8F37A400C1A2CA /* Assets.xcassets in Resources */,
				4C2533F31F8F42E300C1A2CA /* contractTemplate.pdf in Resources */,
				4C2533E11F8F37A400C1A2CA /* Main.storyboard in Resources */,
			);
			runOnlyForDeploymentPostprocessing = 0;
		};
/* End PBXResourcesBuildPhase section */

/* Begin PBXSourcesBuildPhase section */
		4C2533D21F8F37A400C1A2CA /* Sources */ = {
			isa = PBXSourcesBuildPhase;
			buildActionMask = 2147483647;
			files = (
				4C2533DE1F8F37A400C1A2CA /* DocumentViewController.m in Sources */,
				4C2533F11F8F393400C1A2CA /* ContractsTableViewController.m in Sources */,
				4C2533E91F8F37A400C1A2CA /* main.m in Sources */,
				4C2533DB1F8F37A400C1A2CA /* AppDelegate.m in Sources */,
			);
			runOnlyForDeploymentPostprocessing = 0;
		};
/* End PBXSourcesBuildPhase section */

/* Begin PBXVariantGroup section */
		4C2533DF1F8F37A400C1A2CA /* Main.storyboard */ = {
			isa = PBXVariantGroup;
			children = (
				4C2533E01F8F37A400C1A2CA /* Base */,
			);
			name = Main.storyboard;
			sourceTree = "<group>";
		};
		4C2533E41F8F37A400C1A2CA /* LaunchScreen.storyboard */ = {
			isa = PBXVariantGroup;
			children = (
				4C2533E51F8F37A400C1A2CA /* Base */,
			);
			name = LaunchScreen.storyboard;
			sourceTree = "<group>";
		};
/* End PBXVariantGroup section */

/* Begin XCBuildConfiguration section */
		4C2533EA1F8F37A400C1A2CA /* Debug */ = {
			isa = XCBuildConfiguration;
			buildSettings = {
				ALWAYS_SEARCH_USER_PATHS = NO;
				CLANG_ANALYZER_NONNULL = YES;
				CLANG_ANALYZER_NUMBER_OBJECT_CONVERSION = YES_AGGRESSIVE;
				CLANG_CXX_LANGUAGE_STANDARD = "gnu++14";
				CLANG_CXX_LIBRARY = "libc++";
				CLANG_ENABLE_MODULES = YES;
				CLANG_ENABLE_OBJC_ARC = YES;
				CLANG_WARN_BLOCK_CAPTURE_AUTORELEASING = YES;
				CLANG_WARN_BOOL_CONVERSION = YES;
				CLANG_WARN_COMMA = YES;
				CLANG_WARN_CONSTANT_CONVERSION = YES;
				CLANG_WARN_DIRECT_OBJC_ISA_USAGE = YES_ERROR;
				CLANG_WARN_DOCUMENTATION_COMMENTS = YES;
				CLANG_WARN_EMPTY_BODY = YES;
				CLANG_WARN_ENUM_CONVERSION = YES;
				CLANG_WARN_INFINITE_RECURSION = YES;
				CLANG_WARN_INT_CONVERSION = YES;
				CLANG_WARN_NON_LITERAL_NULL_CONVERSION = YES;
				CLANG_WARN_OBJC_LITERAL_CONVERSION = YES;
				CLANG_WARN_OBJC_ROOT_CLASS = YES_ERROR;
				CLANG_WARN_RANGE_LOOP_ANALYSIS = YES;
				CLANG_WARN_STRICT_PROTOTYPES = YES;
				CLANG_WARN_SUSPICIOUS_MOVE = YES;
				CLANG_WARN_UNGUARDED_AVAILABILITY = YES_AGGRESSIVE;
				CLANG_WARN_UNREACHABLE_CODE = YES;
				CLANG_WARN__DUPLICATE_METHOD_MATCH = YES;
				CODE_SIGN_IDENTITY = "iPhone Developer";
				COPY_PHASE_STRIP = NO;
				DEBUG_INFORMATION_FORMAT = dwarf;
				ENABLE_STRICT_OBJC_MSGSEND = YES;
				ENABLE_TESTABILITY = YES;
				GCC_C_LANGUAGE_STANDARD = gnu11;
				GCC_DYNAMIC_NO_PIC = NO;
				GCC_NO_COMMON_BLOCKS = YES;
				GCC_OPTIMIZATION_LEVEL = 0;
				GCC_PREPROCESSOR_DEFINITIONS = (
					"DEBUG=1",
					"$(inherited)",
				);
				GCC_WARN_64_TO_32_BIT_CONVERSION = YES;
				GCC_WARN_ABOUT_RETURN_TYPE = YES_ERROR;
				GCC_WARN_UNDECLARED_SELECTOR = YES;
				GCC_WARN_UNINITIALIZED_AUTOS = YES_AGGRESSIVE;
				GCC_WARN_UNUSED_FUNCTION = YES;
				GCC_WARN_UNUSED_VARIABLE = YES;
				IPHONEOS_DEPLOYMENT_TARGET = 11.0;
				MTL_ENABLE_DEBUG_INFO = YES;
				ONLY_ACTIVE_ARCH = YES;
				SDKROOT = iphoneos;
			};
			name = Debug;
		};
		4C2533EB1F8F37A400C1A2CA /* Release */ = {
			isa = XCBuildConfiguration;
			buildSettings = {
				ALWAYS_SEARCH_USER_PATHS = NO;
				CLANG_ANALYZER_NONNULL = YES;
				CLANG_ANALYZER_NUMBER_OBJECT_CONVERSION = YES_AGGRESSIVE;
				CLANG_CXX_LANGUAGE_STANDARD = "gnu++14";
				CLANG_CXX_LIBRARY = "libc++";
				CLANG_ENABLE_MODULES = YES;
				CLANG_ENABLE_OBJC_ARC = YES;
				CLANG_WARN_BLOCK_CAPTURE_AUTORELEASING = YES;
				CLANG_WARN_BOOL_CONVERSION = YES;
				CLANG_WARN_COMMA = YES;
				CLANG_WARN_CONSTANT_CONVERSION = YES;
				CLANG_WARN_DIRECT_OBJC_ISA_USAGE = YES_ERROR;
				CLANG_WARN_DOCUMENTATION_COMMENTS = YES;
				CLANG_WARN_EMPTY_BODY = YES;
				CLANG_WARN_ENUM_CONVERSION = YES;
				CLANG_WARN_INFINITE_RECURSION = YES;
				CLANG_WARN_INT_CONVERSION = YES;
				CLANG_WARN_NON_LITERAL_NULL_CONVERSION = YES;
				CLANG_WARN_OBJC_LITERAL_CONVERSION = YES;
				CLANG_WARN_OBJC_ROOT_CLASS = YES_ERROR;
				CLANG_WARN_RANGE_LOOP_ANALYSIS = YES;
				CLANG_WARN_STRICT_PROTOTYPES = YES;
				CLANG_WARN_SUSPICIOUS_MOVE = YES;
				CLANG_WARN_UNGUARDED_AVAILABILITY = YES_AGGRESSIVE;
				CLANG_WARN_UNREACHABLE_CODE = YES;
				CLANG_WARN__DUPLICATE_METHOD_MATCH = YES;
				CODE_SIGN_IDENTITY = "iPhone Developer";
				COPY_PHASE_STRIP = NO;
				DEBUG_INFORMATION_FORMAT = "dwarf-with-dsym";
				ENABLE_NS_ASSERTIONS = NO;
				ENABLE_STRICT_OBJC_MSGSEND = YES;
				GCC_C_LANGUAGE_STANDARD = gnu11;
				GCC_NO_COMMON_BLOCKS = YES;
				GCC_WARN_64_TO_32_BIT_CONVERSION = YES;
				GCC_WARN_ABOUT_RETURN_TYPE = YES_ERROR;
				GCC_WARN_UNDECLARED_SELECTOR = YES;
				GCC_WARN_UNINITIALIZED_AUTOS = YES_AGGRESSIVE;
				GCC_WARN_UNUSED_FUNCTION = YES;
				GCC_WARN_UNUSED_VARIABLE = YES;
				IPHONEOS_DEPLOYMENT_TARGET = 11.0;
				MTL_ENABLE_DEBUG_INFO = NO;
				SDKROOT = iphoneos;
				VALIDATE_PRODUCT = YES;
			};
			name = Release;
		};
		4C2533ED1F8F37A400C1A2CA /* Debug */ = {
			isa = XCBuildConfiguration;
			buildSettings = {
				ASSETCATALOG_COMPILER_APPICON_NAME = AppIcon;
				CODE_SIGN_STYLE = Automatic;
				DEVELOPMENT_TEAM = T59TDK9D3N;
				INFOPLIST_FILE = PDFViewer/Info.plist;
				LD_RUNPATH_SEARCH_PATHS = "$(inherited) @executable_path/Frameworks";
				PRODUCT_BUNDLE_IDENTIFIER = com.zencher.demo.PDFViewer;
				PRODUCT_NAME = "$(TARGET_NAME)";
				TARGETED_DEVICE_FAMILY = "1,2";
			};
			name = Debug;
		};
		4C2533EE1F8F37A400C1A2CA /* Release */ = {
			isa = XCBuildConfiguration;
			buildSettings = {
				ASSETCATALOG_COMPILER_APPICON_NAME = AppIcon;
				CODE_SIGN_STYLE = Automatic;
				DEVELOPMENT_TEAM = T59TDK9D3N;
				INFOPLIST_FILE = PDFViewer/Info.plist;
				LD_RUNPATH_SEARCH_PATHS = "$(inherited) @executable_path/Frameworks";
				PRODUCT_BUNDLE_IDENTIFIER = com.zencher.demo.PDFViewer;
				PRODUCT_NAME = "$(TARGET_NAME)";
				TARGETED_DEVICE_FAMILY = "1,2";
			};
			name = Release;
		};
/* End XCBuildConfiguration section */

/* Begin XCConfigurationList section */
		4C2533D11F8F37A400C1A2CA /* Build configuration list for PBXProject "PDFViewer" */ = {
			isa = XCConfigurationList;
			buildConfigurations = (
				4C2533EA1F8F37A400C1A2CA /* Debug */,
				4C2533EB1F8F37A400C1A2CA /* Release */,
			);
			defaultConfigurationIsVisible = 0;
			defaultConfigurationName = Release;
		};
		4C2533EC1F8F37A400C1A2CA /* Build configuration list for PBXNativeTarget "PDFViewer" */ = {
			isa = XCConfigurationList;
			buildConfigurations = (
				4C2533ED1F8F37A400C1A2CA /* Debug */,
				4C2533EE1F8F37A400C1A2CA /* Release */,
			);
			defaultConfigurationIsVisible = 0;
			defaultConfigurationName = Release;
		};
/* End XCConfigurationList section */
	};
	rootObject = 4C2533CE1F8F37A400C1A2CA /* Project object */;
}
