// !$*UTF8*$!
{
	archiveVersion = 1;
	classes = {
	};
	objectVersion = 48;
	objects = {

/* Begin PBXBuildFile section */
		4C2533A91F8F123100C1A2CA /* AppDelegate.m in Sources */ = {isa = PBXBuildFile; fileRef = 4C2533A81F8F123100C1A2CA /* AppDelegate.m */; };
		4C2533AC1F8F123100C1A2CA /* ViewController.m in Sources */ = {isa = PBXBuildFile; fileRef = 4C2533AB1F8F123100C1A2CA /* ViewController.m */; };
		4C2533AF1F8F123100C1A2CA /* Main.storyboard in Resources */ = {isa = PBXBuildFile; fileRef = 4C2533AD1F8F123100C1A2CA /* Main.storyboard */; };
		4C2533B11F8F123100C1A2CA /* Assets.xcassets in Resources */ = {isa = PBXBuildFile; fileRef = 4C2533B01F8F123100C1A2CA /* Assets.xcassets */; };
		4C2533B41F8F123100C1A2CA /* LaunchScreen.storyboard in Resources */ = {isa = PBXBuildFile; fileRef = 4C2533B21F8F123100C1A2CA /* LaunchScreen.storyboard */; };
		4C2533B71F8F123100C1A2CA /* main.m in Sources */ = {isa = PBXBuildFile; fileRef = 4C2533B61F8F123100C1A2CA /* main.m */; };
		4C2533BE1F8F129100C1A2CA /* Inceptionv3.mlmodel in Sources */ = {isa = PBXBuildFile; fileRef = 4C2533BD1F8F127A00C1A2CA /* Inceptionv3.mlmodel */; };
		4C2533C41F8F1C3D00C1A2CA /* chicken.jpg in Resources */ = {isa = PBXBuildFile; fileRef = 4C2533C01F8F13F800C1A2CA /* chicken.jpg */; };
		4C2533C51F8F1C4100C1A2CA /* dog.jpg in Resources */ = {isa = PBXBuildFile; fileRef = 4C2533BF1F8F13F700C1A2CA /* dog.jpg */; };
		4C2533C81F8F1CAF00C1A2CA /* cat.jpg in Resources */ = {isa = PBXBuildFile; fileRef = 4C2533C61F8F1C8E00C1A2CA /* cat.jpg */; };
		4C2533CA1F8F1CEB00C1A2CA /* flower.jpg in Resources */ = {isa = PBXBuildFile; fileRef = 4C2533C91F8F1CE700C1A2CA /* flower.jpg */; };
		4C2533CC1F8F1D7700C1A2CA /* moto.jpg in Resources */ = {isa = PBXBuildFile; fileRef = 4C2533CB1F8F1D7300C1A2CA /* moto.jpg */; };
/* End PBXBuildFile section */

/* Begin PBXFileReference section */
		4C2533A41F8F123100C1A2CA /* PredictImage.app */ = {isa = PBXFileReference; explicitFileType = wrapper.application; includeInIndex = 0; path = PredictImage.app; sourceTree = BUILT_PRODUCTS_DIR; };
		4C2533A71F8F123100C1A2CA /* AppDelegate.h */ = {isa = PBXFileReference; lastKnownFileType = sourcecode.c.h; path = AppDelegate.h; sourceTree = "<group>"; };
		4C2533A81F8F123100C1A2CA /* AppDelegate.m */ = {isa = PBXFileReference; lastKnownFileType = sourcecode.c.objc; path = AppDelegate.m; sourceTree = "<group>"; };
		4C2533AA1F8F123100C1A2CA /* ViewController.h */ = {isa = PBXFileReference; lastKnownFileType = sourcecode.c.h; path = ViewController.h; sourceTree = "<group>"; };
		4C2533AB1F8F123100C1A2CA /* ViewController.m */ = {isa = PBXFileReference; lastKnownFileType = sourcecode.c.objc; path = ViewController.m; sourceTree = "<group>"; };
		4C2533AE1F8F123100C1A2CA /* Base */ = {isa = PBXFileReference; lastKnownFileType = file.storyboard; name = Base; path = Base.lproj/Main.storyboard; sourceTree = "<group>"; };
		4C2533B01F8F123100C1A2CA /* Assets.xcassets */ = {isa = PBXFileReference; lastKnownFileType = folder.assetcatalog; path = Assets.xcassets; sourceTree = "<group>"; };
		4C2533B31F8F123100C1A2CA /* Base */ = {isa = PBXFileReference; lastKnownFileType = file.storyboard; name = Base; path = Base.lproj/LaunchScreen.storyboard; sourceTree = "<group>"; };
		4C2533B51F8F123100C1A2CA /* Info.plist */ = {isa = PBXFileReference; lastKnownFileType = text.plist.xml; path = Info.plist; sourceTree = "<group>"; };
		4C2533B61F8F123100C1A2CA /* main.m */ = {isa = PBXFileReference; lastKnownFileType = sourcecode.c.objc; path = main.m; sourceTree = "<group>"; };
		4C2533BD1F8F127A00C1A2CA /* Inceptionv3.mlmodel */ = {isa = PBXFileReference; lastKnownFileType = file.mlmodel; path = Inceptionv3.mlmodel; sourceTree = "<group>"; };
		4C2533BF1F8F13F700C1A2CA /* dog.jpg */ = {isa = PBXFileReference; lastKnownFileType = image.jpeg; path = dog.jpg; sourceTree = "<group>"; };
		4C2533C01F8F13F800C1A2CA /* chicken.jpg */ = {isa = PBXFileReference; lastKnownFileType = image.jpeg; path = chicken.jpg; sourceTree = "<group>"; };
		4C2533C61F8F1C8E00C1A2CA /* cat.jpg */ = {isa = PBXFileReference; lastKnownFileType = image.jpeg; path = cat.jpg; sourceTree = "<group>"; };
		4C2533C91F8F1CE700C1A2CA /* flower.jpg */ = {isa = PBXFileReference; lastKnownFileType = image.jpeg; path = flower.jpg; sourceTree = "<group>"; };
		4C2533CB1F8F1D7300C1A2CA /* moto.jpg */ = {isa = PBXFileReference; lastKnownFileType = image.jpeg; path = moto.jpg; sourceTree = "<group>"; };
/* End PBXFileReference section */

/* Begin PBXFrameworksBuildPhase section */
		4C2533A11F8F123100C1A2CA /* Frameworks */ = {
			isa = PBXFrameworksBuildPhase;
			buildActionMask = 2147483647;
			files = (
			);
			runOnlyForDeploymentPostprocessing = 0;
		};
/* End PBXFrameworksBuildPhase section */

/* Begin PBXGroup section */
		4C25339B1F8F123100C1A2CA = {
			isa = PBXGroup;
			children = (
				4C2533A61F8F123100C1A2CA /* PredictImage */,
				4C2533A51F8F123100C1A2CA /* Products */,
			);
			sourceTree = "<group>";
		};
		4C2533A51F8F123100C1A2CA /* Products */ = {
			isa = PBXGroup;
			children = (
				4C2533A41F8F123100C1A2CA /* PredictImage.app */,
			);
			name = Products;
			sourceTree = "<group>";
		};
		4C2533A61F8F123100C1A2CA /* PredictImage */ = {
			isa = PBXGroup;
			children = (
				4C2533CB1F8F1D7300C1A2CA /* moto.jpg */,
				4C2533C91F8F1CE700C1A2CA /* flower.jpg */,
				4C2533C61F8F1C8E00C1A2CA /* cat.jpg */,
				4C2533C01F8F13F800C1A2CA /* chicken.jpg */,
				4C2533BF1F8F13F700C1A2CA /* dog.jpg */,
				4C2533BD1F8F127A00C1A2CA /* Inceptionv3.mlmodel */,
				4C2533A71F8F123100C1A2CA /* AppDelegate.h */,
				4C2533A81F8F123100C1A2CA /* AppDelegate.m */,
				4C2533AA1F8F123100C1A2CA /* ViewController.h */,
				4C2533AB1F8F123100C1A2CA /* ViewController.m */,
				4C2533AD1F8F123100C1A2CA /* Main.storyboard */,
				4C2533B01F8F123100C1A2CA /* Assets.xcassets */,
				4C2533B21F8F123100C1A2CA /* LaunchScreen.storyboard */,
				4C2533B51F8F123100C1A2CA /* Info.plist */,
				4C2533B61F8F123100C1A2CA /* main.m */,
			);
			path = PredictImage;
			sourceTree = "<group>";
		};
/* End PBXGroup section */

/* Begin PBXNativeTarget section */
		4C2533A31F8F123100C1A2CA /* PredictImage */ = {
			isa = PBXNativeTarget;
			buildConfigurationList = 4C2533BA1F8F123100C1A2CA /* Build configuration list for PBXNativeTarget "PredictImage" */;
			buildPhases = (
				4C2533A01F8F123100C1A2CA /* Sources */,
				4C2533A11F8F123100C1A2CA /* Frameworks */,
				4C2533A21F8F123100C1A2CA /* Resources */,
			);
			buildRules = (
			);
			dependencies = (
			);
			name = PredictImage;
			productName = PredictImage;
			productReference = 4C2533A41F8F123100C1A2CA /* PredictImage.app */;
			productType = "com.apple.product-type.application";
		};
/* End PBXNativeTarget section */

/* Begin PBXProject section */
		4C25339C1F8F123100C1A2CA /* Project object */ = {
			isa = PBXProject;
			attributes = {
				LastUpgradeCheck = 0900;
				ORGANIZATIONNAME = Zencher;
				TargetAttributes = {
					4C2533A31F8F123100C1A2CA = {
						CreatedOnToolsVersion = 9.0;
						ProvisioningStyle = Automatic;
					};
				};
			};
			buildConfigurationList = 4C25339F1F8F123100C1A2CA /* Build configuration list for PBXProject "PredictImage" */;
			compatibilityVersion = "Xcode 8.0";
			developmentRegion = en;
			hasScannedForEncodings = 0;
			knownRegions = (
				en,
				Base,
			);
			mainGroup = 4C25339B1F8F123100C1A2CA;
			productRefGroup = 4C2533A51F8F123100C1A2CA /* Products */;
			projectDirPath = "";
			projectRoot = "";
			targets = (
				4C2533A31F8F123100C1A2CA /* PredictImage */,
			);
		};
/* End PBXProject section */

/* Begin PBXResourcesBuildPhase section */
		4C2533A21F8F123100C1A2CA /* Resources */ = {
			isa = PBXResourcesBuildPhase;
			buildActionMask = 2147483647;
			files = (
				4C2533C81F8F1CAF00C1A2CA /* cat.jpg in Resources */,
				4C2533B41F8F123100C1A2CA /* LaunchScreen.storyboard in Resources */,
				4C2533C51F8F1C4100C1A2CA /* dog.jpg in Resources */,
				4C2533CA1F8F1CEB00C1A2CA /* flower.jpg in Resources */,
				4C2533B11F8F123100C1A2CA /* Assets.xcassets in Resources */,
				4C2533AF1F8F123100C1A2CA /* Main.storyboard in Resources */,
				4C2533CC1F8F1D7700C1A2CA /* moto.jpg in Resources */,
				4C2533C41F8F1C3D00C1A2CA /* chicken.jpg in Resources */,
			);
			runOnlyForDeploymentPostprocessing = 0;
		};
/* End PBXResourcesBuildPhase section */

/* Begin PBXSourcesBuildPhase section */
		4C2533A01F8F123100C1A2CA /* Sources */ = {
			isa = PBXSourcesBuildPhase;
			buildActionMask = 2147483647;
			files = (
				4C2533AC1F8F123100C1A2CA /* ViewController.m in Sources */,
				4C2533BE1F8F129100C1A2CA /* Inceptionv3.mlmodel in Sources */,
				4C2533B71F8F123100C1A2CA /* main.m in Sources */,
				4C2533A91F8F123100C1A2CA /* AppDelegate.m in Sources */,
			);
			runOnlyForDeploymentPostprocessing = 0;
		};
/* End PBXSourcesBuildPhase section */

/* Begin PBXVariantGroup section */
		4C2533AD1F8F123100C1A2CA /* Main.storyboard */ = {
			isa = PBXVariantGroup;
			children = (
				4C2533AE1F8F123100C1A2CA /* Base */,
			);
			name = Main.storyboard;
			sourceTree = "<group>";
		};
		4C2533B21F8F123100C1A2CA /* LaunchScreen.storyboard */ = {
			isa = PBXVariantGroup;
			children = (
				4C2533B31F8F123100C1A2CA /* Base */,
			);
			name = LaunchScreen.storyboard;
			sourceTree = "<group>";
		};
/* End PBXVariantGroup section */

/* Begin XCBuildConfiguration section */
		4C2533B81F8F123100C1A2CA /* Debug */ = {
			isa = XCBuildConfiguration;
			buildSettings = {
				ALWAYS_SEARCH_USER_PATHS = NO;
				CLANG_ANALYZER_NONNULL = YES;
				CLANG_ANALYZER_NUMBER_OBJECT_CONVERSION = YES_AGGRESSIVE;
				CLANG_CXX_LANGUAGE_STANDARD = "gnu++14";
				CLANG_CXX_LIBRARY = "libc++";
				CLANG_ENABLE_MODULES = YES;
				CLANG_ENABLE_OBJC_ARC = YES;
				CLANG_WARN_BLOCK_CAPTURE_AUTORELEASING = YES;
				CLANG_WARN_BOOL_CONVERSION = YES;
				CLANG_WARN_COMMA = YES;
				CLANG_WARN_CONSTANT_CONVERSION = YES;
				CLANG_WARN_DIRECT_OBJC_ISA_USAGE = YES_ERROR;
				CLANG_WARN_DOCUMENTATION_COMMENTS = YES;
				CLANG_WARN_EMPTY_BODY = YES;
				CLANG_WARN_ENUM_CONVERSION = YES;
				CLANG_WARN_INFINITE_RECURSION = YES;
				CLANG_WARN_INT_CONVERSION = YES;
				CLANG_WARN_NON_LITERAL_NULL_CONVERSION = YES;
				CLANG_WARN_OBJC_LITERAL_CONVERSION = YES;
				CLANG_WARN_OBJC_ROOT_CLASS = YES_ERROR;
				CLANG_WARN_RANGE_LOOP_ANALYSIS = YES;
				CLANG_WARN_STRICT_PROTOTYPES = YES;
				CLANG_WARN_SUSPICIOUS_MOVE = YES;
				CLANG_WARN_UNGUARDED_AVAILABILITY = YES_AGGRESSIVE;
				CLANG_WARN_UNREACHABLE_CODE = YES;
				CLANG_WARN__DUPLICATE_METHOD_MATCH = YES;
				CODE_SIGN_IDENTITY = "iPhone Developer";
				COPY_PHASE_STRIP = NO;
				DEBUG_INFORMATION_FORMAT = dwarf;
				ENABLE_STRICT_OBJC_MSGSEND = YES;
				ENABLE_TESTABILITY = YES;
				GCC_C_LANGUAGE_STANDARD = gnu11;
				GCC_DYNAMIC_NO_PIC = NO;
				GCC_NO_COMMON_BLOCKS = YES;
				GCC_OPTIMIZATION_LEVEL = 0;
				GCC_PREPROCESSOR_DEFINITIONS = (
					"DEBUG=1",
					"$(inherited)",
				);
				GCC_WARN_64_TO_32_BIT_CONVERSION = YES;
				GCC_WARN_ABOUT_RETURN_TYPE = YES_ERROR;
				GCC_WARN_UNDECLARED_SELECTOR = YES;
				GCC_WARN_UNINITIALIZED_AUTOS = YES_AGGRESSIVE;
				GCC_WARN_UNUSED_FUNCTION = YES;
				GCC_WARN_UNUSED_VARIABLE = YES;
				IPHONEOS_DEPLOYMENT_TARGET = 11.0;
				MTL_ENABLE_DEBUG_INFO = YES;
				ONLY_ACTIVE_ARCH = YES;
				SDKROOT = iphoneos;
			};
			name = Debug;
		};
		4C2533B91F8F123100C1A2CA /* Release */ = {
			isa = XCBuildConfiguration;
			buildSettings = {
				ALWAYS_SEARCH_USER_PATHS = NO;
				CLANG_ANALYZER_NONNULL = YES;
				CLANG_ANALYZER_NUMBER_OBJECT_CONVERSION = YES_AGGRESSIVE;
				CLANG_CXX_LANGUAGE_STANDARD = "gnu++14";
				CLANG_CXX_LIBRARY = "libc++";
				CLANG_ENABLE_MODULES = YES;
				CLANG_ENABLE_OBJC_ARC = YES;
				CLANG_WARN_BLOCK_CAPTURE_AUTORELEASING = YES;
				CLANG_WARN_BOOL_CONVERSION = YES;
				CLANG_WARN_COMMA = YES;
				CLANG_WARN_CONSTANT_CONVERSION = YES;
				CLANG_WARN_DIRECT_OBJC_ISA_USAGE = YES_ERROR;
				CLANG_WARN_DOCUMENTATION_COMMENTS = YES;
				CLANG_WARN_EMPTY_BODY = YES;
				CLANG_WARN_ENUM_CONVERSION = YES;
				CLANG_WARN_INFINITE_RECURSION = YES;
				CLANG_WARN_INT_CONVERSION = YES;
				CLANG_WARN_NON_LITERAL_NULL_CONVERSION = YES;
				CLANG_WARN_OBJC_LITERAL_CONVERSION = YES;
				CLANG_WARN_OBJC_ROOT_CLASS = YES_ERROR;
				CLANG_WARN_RANGE_LOOP_ANALYSIS = YES;
				CLANG_WARN_STRICT_PROTOTYPES = YES;
				CLANG_WARN_SUSPICIOUS_MOVE = YES;
				CLANG_WARN_UNGUARDED_AVAILABILITY = YES_AGGRESSIVE;
				CLANG_WARN_UNREACHABLE_CODE = YES;
				CLANG_WARN__DUPLICATE_METHOD_MATCH = YES;
				CODE_SIGN_IDENTITY = "iPhone Developer";
				COPY_PHASE_STRIP = NO;
				DEBUG_INFORMATION_FORMAT = "dwarf-with-dsym";
				ENABLE_NS_ASSERTIONS = NO;
				ENABLE_STRICT_OBJC_MSGSEND = YES;
				GCC_C_LANGUAGE_STANDARD = gnu11;
				GCC_NO_COMMON_BLOCKS = YES;
				GCC_WARN_64_TO_32_BIT_CONVERSION = YES;
				GCC_WARN_ABOUT_RETURN_TYPE = YES_ERROR;
				GCC_WARN_UNDECLARED_SELECTOR = YES;
				GCC_WARN_UNINITIALIZED_AUTOS = YES_AGGRESSIVE;
				GCC_WARN_UNUSED_FUNCTION = YES;
				GCC_WARN_UNUSED_VARIABLE = YES;
				IPHONEOS_DEPLOYMENT_TARGET = 11.0;
				MTL_ENABLE_DEBUG_INFO = NO;
				SDKROOT = iphoneos;
				VALIDATE_PRODUCT = YES;
			};
			name = Release;
		};
		4C2533BB1F8F123100C1A2CA /* Debug */ = {
			isa = XCBuildConfiguration;
			buildSettings = {
				ASSETCATALOG_COMPILER_APPICON_NAME = AppIcon;
				CODE_SIGN_STYLE = Automatic;
				DEVELOPMENT_TEAM = T59TDK9D3N;
				INFOPLIST_FILE = PredictImage/Info.plist;
				LD_RUNPATH_SEARCH_PATHS = "$(inherited) @executable_path/Frameworks";
				PRODUCT_BUNDLE_IDENTIFIER = com.zencher.demo.PredictImage;
				PRODUCT_NAME = "$(TARGET_NAME)";
				TARGETED_DEVICE_FAMILY = "1,2";
			};
			name = Debug;
		};
		4C2533BC1F8F123100C1A2CA /* Release */ = {
			isa = XCBuildConfiguration;
			buildSettings = {
				ASSETCATALOG_COMPILER_APPICON_NAME = AppIcon;
				CODE_SIGN_STYLE = Automatic;
				DEVELOPMENT_TEAM = T59TDK9D3N;
				INFOPLIST_FILE = PredictImage/Info.plist;
				LD_RUNPATH_SEARCH_PATHS = "$(inherited) @executable_path/Frameworks";
				PRODUCT_BUNDLE_IDENTIFIER = com.zencher.demo.PredictImage;
				PRODUCT_NAME = "$(TARGET_NAME)";
				TARGETED_DEVICE_FAMILY = "1,2";
			};
			name = Release;
		};
/* End XCBuildConfiguration section */

/* Begin XCConfigurationList section */
		4C25339F1F8F123100C1A2CA /* Build configuration list for PBXProject "PredictImage" */ = {
			isa = XCConfigurationList;
			buildConfigurations = (
				4C2533B81F8F123100C1A2CA /* Debug */,
				4C2533B91F8F123100C1A2CA /* Release */,
			);
			defaultConfigurationIsVisible = 0;
			defaultConfigurationName = Release;
		};
		4C2533BA1F8F123100C1A2CA /* Build configuration list for PBXNativeTarget "PredictImage" */ = {
			isa = XCConfigurationList;
			buildConfigurations = (
				4C2533BB1F8F123100C1A2CA /* Debug */,
				4C2533BC1F8F123100C1A2CA /* Release */,
			);
			defaultConfigurationIsVisible = 0;
			defaultConfigurationName = Release;
		};
/* End XCConfigurationList section */
	};
	rootObject = 4C25339C1F8F123100C1A2CA /* Project object */;
}
